
Microsoft Visual Studio Solution File, Format Version 12.00
# Visual Studio 15
VisualStudioVersion = 15.0.27130.2010
MinimumVisualStudioVersion = 10.0.40219.1
Project("{FAE04EC0-301F-11D3-BF4B-00C04F79EFBC}") = "sathosh", "sathosh\sathosh.csproj", "{9E087B3B-4404-40A2-8255-B98E4A1F936C}"
EndProject
Global
	GlobalSection(SolutionConfigurationPlatforms) = preSolution
		Debug|Any CPU = Debug|Any CPU
		Release|Any CPU = Release|Any CPU
	EndGlobalSection
	GlobalSection(ProjectConfigurationPlatforms) = postSolution
		{9E087B3B-4404-40A2-8255-B98E4A1F936C}.Debug|Any CPU.ActiveCfg = Debug|Any CPU
		{9E087B3B-4404-40A2-8255-B98E4A1F936C}.Debug|Any CPU.Build.0 = Debug|Any CPU
		{9E087B3B-4404-40A2-8255-B98E4A1F936C}.Release|Any CPU.ActiveCfg = Release|Any CPU
		{9E087B3B-4404-40A2-8255-B98E4A1F936C}.Release|Any CPU.Build.0 = Release|Any CPU
	EndGlobalSection
	GlobalSection(SolutionProperties) = preSolution
		HideSolutionNode = FALSE
	EndGlobalSection
	GlobalSection(ExtensibilityGlobals) = postSolution
		SolutionGuid = {88E5F987-746D-4F0A-A258-C9D907A38286}
	EndGlobalSection
EndGlobal
